
Microsoft Visual Studio Solution File, Format Version 12.00
# Visual Studio Version 16
VisualStudioVersion = 16.0.29009.5
MinimumVisualStudioVersion = 10.0.40219.1
Project("{9A19103F-16F7-4668-BE54-9A1E7A4F7556}") = "efetivo.api", "efetivo.api\efetivo.api.csproj", "{3438498F-38E5-41D7-8B27-85D28D21BDFF}"
EndProject
Project("{9A19103F-16F7-4668-BE54-9A1E7A4F7556}") = "efetivo.entity", "efetivo.entidades\efetivo.entity.csproj", "{7407EB37-3C24-4261-B1AF-12B10DB38389}"
EndProject
Project("{9A19103F-16F7-4668-BE54-9A1E7A4F7556}") = "efetivo.domain", "efetivo.negocio\efetivo.domain.csproj", "{A4269790-C235-4D15-A912-6289BC17D98F}"
EndProject
Project("{9A19103F-16F7-4668-BE54-9A1E7A4F7556}") = "infraestrutura", "DataEngineer\infraestrutura.csproj", "{5D97A3C1-1B48-4DBD-82C0-1A39A519293B}"
EndProject
Project("{9A19103F-16F7-4668-BE54-9A1E7A4F7556}") = "efetivo.test", "efetivo.test\efetivo.test.csproj", "{8878206E-60FB-4D7F-AE64-6AAAF4F88911}"
EndProject
Project("{9A19103F-16F7-4668-BE54-9A1E7A4F7556}") = "efetivo.repository", "efetivo.repositorio\efetivo.repository.csproj", "{DD984A59-FADD-44A0-AD1C-584E94764BF7}"
EndProject
Project("{9A19103F-16F7-4668-BE54-9A1E7A4F7556}") = "efetivo.model", "efetivo.model\efetivo.model.csproj", "{C60F24E1-286E-41F9-B6FA-E6981F3DD525}"
EndProject
Project("{FAE04EC0-301F-11D3-BF4B-00C04F79EFBC}") = "efetivo.rest", "efetivo.rest\efetivo.rest.csproj", "{D3911707-AC22-4B07-8517-8A1C1A4E8AFD}"
EndProject
Global
	GlobalSection(SolutionConfigurationPlatforms) = preSolution
		Debug|Any CPU = Debug|Any CPU
		Release|Any CPU = Release|Any CPU
	EndGlobalSection
	GlobalSection(ProjectConfigurationPlatforms) = postSolution
		{3438498F-38E5-41D7-8B27-85D28D21BDFF}.Debug|Any CPU.ActiveCfg = Debug|Any CPU
		{3438498F-38E5-41D7-8B27-85D28D21BDFF}.Debug|Any CPU.Build.0 = Debug|Any CPU
		{3438498F-38E5-41D7-8B27-85D28D21BDFF}.Release|Any CPU.ActiveCfg = Release|Any CPU
		{3438498F-38E5-41D7-8B27-85D28D21BDFF}.Release|Any CPU.Build.0 = Release|Any CPU
		{7407EB37-3C24-4261-B1AF-12B10DB38389}.Debug|Any CPU.ActiveCfg = Debug|Any CPU
		{7407EB37-3C24-4261-B1AF-12B10DB38389}.Debug|Any CPU.Build.0 = Debug|Any CPU
		{7407EB37-3C24-4261-B1AF-12B10DB38389}.Release|Any CPU.ActiveCfg = Release|Any CPU
		{7407EB37-3C24-4261-B1AF-12B10DB38389}.Release|Any CPU.Build.0 = Release|Any CPU
		{A4269790-C235-4D15-A912-6289BC17D98F}.Debug|Any CPU.ActiveCfg = Debug|Any CPU
		{A4269790-C235-4D15-A912-6289BC17D98F}.Debug|Any CPU.Build.0 = Debug|Any CPU
		{A4269790-C235-4D15-A912-6289BC17D98F}.Release|Any CPU.ActiveCfg = Release|Any CPU
		{A4269790-C235-4D15-A912-6289BC17D98F}.Release|Any CPU.Build.0 = Release|Any CPU
		{5D97A3C1-1B48-4DBD-82C0-1A39A519293B}.Debug|Any CPU.ActiveCfg = Debug|Any CPU
		{5D97A3C1-1B48-4DBD-82C0-1A39A519293B}.Debug|Any CPU.Build.0 = Debug|Any CPU
		{5D97A3C1-1B48-4DBD-82C0-1A39A519293B}.Release|Any CPU.ActiveCfg = Release|Any CPU
		{5D97A3C1-1B48-4DBD-82C0-1A39A519293B}.Release|Any CPU.Build.0 = Release|Any CPU
		{8878206E-60FB-4D7F-AE64-6AAAF4F88911}.Debug|Any CPU.ActiveCfg = Debug|Any CPU
		{8878206E-60FB-4D7F-AE64-6AAAF4F88911}.Debug|Any CPU.Build.0 = Debug|Any CPU
		{8878206E-60FB-4D7F-AE64-6AAAF4F88911}.Release|Any CPU.ActiveCfg = Release|Any CPU
		{8878206E-60FB-4D7F-AE64-6AAAF4F88911}.Release|Any CPU.Build.0 = Release|Any CPU
		{DD984A59-FADD-44A0-AD1C-584E94764BF7}.Debug|Any CPU.ActiveCfg = Debug|Any CPU
		{DD984A59-FADD-44A0-AD1C-584E94764BF7}.Debug|Any CPU.Build.0 = Debug|Any CPU
		{DD984A59-FADD-44A0-AD1C-584E94764BF7}.Release|Any CPU.ActiveCfg = Release|Any CPU
		{DD984A59-FADD-44A0-AD1C-584E94764BF7}.Release|Any CPU.Build.0 = Release|Any CPU
		{C60F24E1-286E-41F9-B6FA-E6981F3DD525}.Debug|Any CPU.ActiveCfg = Debug|Any CPU
		{C60F24E1-286E-41F9-B6FA-E6981F3DD525}.Debug|Any CPU.Build.0 = Debug|Any CPU
		{C60F24E1-286E-41F9-B6FA-E6981F3DD525}.Release|Any CPU.ActiveCfg = Release|Any CPU
		{C60F24E1-286E-41F9-B6FA-E6981F3DD525}.Release|Any CPU.Build.0 = Release|Any CPU
		{D3911707-AC22-4B07-8517-8A1C1A4E8AFD}.Debug|Any CPU.ActiveCfg = Debug|Any CPU
		{D3911707-AC22-4B07-8517-8A1C1A4E8AFD}.Debug|Any CPU.Build.0 = Debug|Any CPU
		{D3911707-AC22-4B07-8517-8A1C1A4E8AFD}.Release|Any CPU.ActiveCfg = Release|Any CPU
		{D3911707-AC22-4B07-8517-8A1C1A4E8AFD}.Release|Any CPU.Build.0 = Release|Any CPU
	EndGlobalSection
	GlobalSection(SolutionProperties) = preSolution
		HideSolutionNode = FALSE
	EndGlobalSection
	GlobalSection(ExtensibilityGlobals) = postSolution
		SolutionGuid = {61E588C6-5F4E-45FC-AB3C-039C74209DEA}
	EndGlobalSection
EndGlobal
